
Microsoft Visual Studio Solution File, Format Version 12.00
Project("{FAE04EC0-301F-11D3-BF4B-00C04F79EFBC}") = "Transaction1", "Transaction1\Transaction1.csproj", "{DFE6B753-ECC2-482B-8A52-1BB37C6270C8}"
EndProject
Project("{FAE04EC0-301F-11D3-BF4B-00C04F79EFBC}") = "Transaction2", "Transaction2\Transaction2.csproj", "{35CC0E90-9888-407E-BF76-65D5D27976DC}"
EndProject
Project("{FAE04EC0-301F-11D3-BF4B-00C04F79EFBC}") = "Transaction3", "Transaction3\Transaction3.csproj", "{89A90D84-A343-463B-8652-A024BF58E6A7}"
EndProject
Project("{FAE04EC0-301F-11D3-BF4B-00C04F79EFBC}") = "Shared", "Shared\Shared.csproj", "{551D28C7-50EB-4033-ABB6-7EC042C4B379}"
EndProject
Project("{FAE04EC0-301F-11D3-BF4B-00C04F79EFBC}") = "ResetDb", "ResetDb\ResetDb.csproj", "{DA911A37-F7E2-4C65-87B0-69168356D731}"
EndProject
Project("{FAE04EC0-301F-11D3-BF4B-00C04F79EFBC}") = "Api", "Api\Api.csproj", "{80DB490D-76D5-4810-AA2D-B6DD6C8D98DB}"
EndProject
Project("{FAE04EC0-301F-11D3-BF4B-00C04F79EFBC}") = "Backend", "Backend\Backend.csproj", "{7CC121BE-D8DB-4FF5-BFE6-A9FFF60C1001}"
EndProject
Project("{2150E333-8FDC-42A3-9474-1A3956D46DE8}") = "DefaultTransactions", "DefaultTransactions", "{83A56BA7-97F1-4C35-A757-84194BB85F78}"
EndProject
Project("{2150E333-8FDC-42A3-9474-1A3956D46DE8}") = "SagaTransactions", "SagaTransactions", "{5E0AD371-52BB-4D88-8592-984584DCF241}"
EndProject
Global
	GlobalSection(SolutionConfigurationPlatforms) = preSolution
		Debug|Any CPU = Debug|Any CPU
		Release|Any CPU = Release|Any CPU
	EndGlobalSection
	GlobalSection(ProjectConfigurationPlatforms) = postSolution
		{DFE6B753-ECC2-482B-8A52-1BB37C6270C8}.Debug|Any CPU.ActiveCfg = Debug|Any CPU
		{DFE6B753-ECC2-482B-8A52-1BB37C6270C8}.Debug|Any CPU.Build.0 = Debug|Any CPU
		{DFE6B753-ECC2-482B-8A52-1BB37C6270C8}.Release|Any CPU.ActiveCfg = Release|Any CPU
		{DFE6B753-ECC2-482B-8A52-1BB37C6270C8}.Release|Any CPU.Build.0 = Release|Any CPU
		{35CC0E90-9888-407E-BF76-65D5D27976DC}.Debug|Any CPU.ActiveCfg = Debug|Any CPU
		{35CC0E90-9888-407E-BF76-65D5D27976DC}.Debug|Any CPU.Build.0 = Debug|Any CPU
		{35CC0E90-9888-407E-BF76-65D5D27976DC}.Release|Any CPU.ActiveCfg = Release|Any CPU
		{35CC0E90-9888-407E-BF76-65D5D27976DC}.Release|Any CPU.Build.0 = Release|Any CPU
		{89A90D84-A343-463B-8652-A024BF58E6A7}.Debug|Any CPU.ActiveCfg = Debug|Any CPU
		{89A90D84-A343-463B-8652-A024BF58E6A7}.Debug|Any CPU.Build.0 = Debug|Any CPU
		{89A90D84-A343-463B-8652-A024BF58E6A7}.Release|Any CPU.ActiveCfg = Release|Any CPU
		{89A90D84-A343-463B-8652-A024BF58E6A7}.Release|Any CPU.Build.0 = Release|Any CPU
		{551D28C7-50EB-4033-ABB6-7EC042C4B379}.Debug|Any CPU.ActiveCfg = Debug|Any CPU
		{551D28C7-50EB-4033-ABB6-7EC042C4B379}.Debug|Any CPU.Build.0 = Debug|Any CPU
		{551D28C7-50EB-4033-ABB6-7EC042C4B379}.Release|Any CPU.ActiveCfg = Release|Any CPU
		{551D28C7-50EB-4033-ABB6-7EC042C4B379}.Release|Any CPU.Build.0 = Release|Any CPU
		{DA911A37-F7E2-4C65-87B0-69168356D731}.Debug|Any CPU.ActiveCfg = Debug|Any CPU
		{DA911A37-F7E2-4C65-87B0-69168356D731}.Debug|Any CPU.Build.0 = Debug|Any CPU
		{DA911A37-F7E2-4C65-87B0-69168356D731}.Release|Any CPU.ActiveCfg = Release|Any CPU
		{DA911A37-F7E2-4C65-87B0-69168356D731}.Release|Any CPU.Build.0 = Release|Any CPU
		{80DB490D-76D5-4810-AA2D-B6DD6C8D98DB}.Debug|Any CPU.ActiveCfg = Debug|Any CPU
		{80DB490D-76D5-4810-AA2D-B6DD6C8D98DB}.Debug|Any CPU.Build.0 = Debug|Any CPU
		{80DB490D-76D5-4810-AA2D-B6DD6C8D98DB}.Release|Any CPU.ActiveCfg = Release|Any CPU
		{80DB490D-76D5-4810-AA2D-B6DD6C8D98DB}.Release|Any CPU.Build.0 = Release|Any CPU
		{7CC121BE-D8DB-4FF5-BFE6-A9FFF60C1001}.Debug|Any CPU.ActiveCfg = Debug|Any CPU
		{7CC121BE-D8DB-4FF5-BFE6-A9FFF60C1001}.Debug|Any CPU.Build.0 = Debug|Any CPU
		{7CC121BE-D8DB-4FF5-BFE6-A9FFF60C1001}.Release|Any CPU.ActiveCfg = Release|Any CPU
		{7CC121BE-D8DB-4FF5-BFE6-A9FFF60C1001}.Release|Any CPU.Build.0 = Release|Any CPU
	EndGlobalSection
	GlobalSection(NestedProjects) = preSolution
		{80DB490D-76D5-4810-AA2D-B6DD6C8D98DB} = {5E0AD371-52BB-4D88-8592-984584DCF241}
		{7CC121BE-D8DB-4FF5-BFE6-A9FFF60C1001} = {5E0AD371-52BB-4D88-8592-984584DCF241}
		{DFE6B753-ECC2-482B-8A52-1BB37C6270C8} = {83A56BA7-97F1-4C35-A757-84194BB85F78}
		{35CC0E90-9888-407E-BF76-65D5D27976DC} = {83A56BA7-97F1-4C35-A757-84194BB85F78}
		{89A90D84-A343-463B-8652-A024BF58E6A7} = {83A56BA7-97F1-4C35-A757-84194BB85F78}
	EndGlobalSection
EndGlobal
